// !$*UTF8*$!
{
	archiveVersion = 1;
	classes = {
	};
	objectVersion = 46;
	objects = {

/* Begin PBXBuildFile section */
		7C3A04901A0D101400581F44 /* AppDelegate.swift in Sources */ = {isa = PBXBuildFile; fileRef = 7C3A048F1A0D101400581F44 /* AppDelegate.swift */; };
		7C3A04921A0D101400581F44 /* CurrentLocationViewController.swift in Sources */ = {isa = PBXBuildFile; fileRef = 7C3A04911A0D101400581F44 /* CurrentLocationViewController.swift */; };
		7C3A04941A0D101400581F44 /* SecondViewController.swift in Sources */ = {isa = PBXBuildFile; fileRef = 7C3A04931A0D101400581F44 /* SecondViewController.swift */; };
		7C3A04971A0D101400581F44 /* Main.storyboard in Resources */ = {isa = PBXBuildFile; fileRef = 7C3A04951A0D101400581F44 /* Main.storyboard */; };
		7C3A04991A0D101400581F44 /* Images.xcassets in Resources */ = {isa = PBXBuildFile; fileRef = 7C3A04981A0D101400581F44 /* Images.xcassets */; };
		7C3A049C1A0D101400581F44 /* LaunchScreen.xib in Resources */ = {isa = PBXBuildFile; fileRef = 7C3A049A1A0D101400581F44 /* LaunchScreen.xib */; };
		7C3A04A81A0D101400581F44 /* MyLocations2Tests.swift in Sources */ = {isa = PBXBuildFile; fileRef = 7C3A04A71A0D101400581F44 /* MyLocations2Tests.swift */; };
		8745610C1AF83FAE867D28AE /* libPods-MyLocations2Tests.a in Frameworks */ = {isa = PBXBuildFile; fileRef = D256BA93A3683224F94CDEA5 /* libPods-MyLocations2Tests.a */; };
/* End PBXBuildFile section */

/* Begin PBXContainerItemProxy section */
		7C3A04A21A0D101400581F44 /* PBXContainerItemProxy */ = {
			isa = PBXContainerItemProxy;
			containerPortal = 7C3A04821A0D101300581F44 /* Project object */;
			proxyType = 1;
			remoteGlobalIDString = 7C3A04891A0D101400581F44;
			remoteInfo = MyLocations2;
		};
/* End PBXContainerItemProxy section */

/* Begin PBXFileReference section */
		7C3A048A1A0D101400581F44 /* MyLocations2.app */ = {isa = PBXFileReference; explicitFileType = wrapper.application; includeInIndex = 0; path = MyLocations2.app; sourceTree = BUILT_PRODUCTS_DIR; };
		7C3A048E1A0D101400581F44 /* Info.plist */ = {isa = PBXFileReference; lastKnownFileType = text.plist.xml; path = Info.plist; sourceTree = "<group>"; };
		7C3A048F1A0D101400581F44 /* AppDelegate.swift */ = {isa = PBXFileReference; lastKnownFileType = sourcecode.swift; path = AppDelegate.swift; sourceTree = "<group>"; };
		7C3A04911A0D101400581F44 /* CurrentLocationViewController.swift */ = {isa = PBXFileReference; lastKnownFileType = sourcecode.swift; path = CurrentLocationViewController.swift; sourceTree = "<group>"; };
		7C3A04931A0D101400581F44 /* SecondViewController.swift */ = {isa = PBXFileReference; lastKnownFileType = sourcecode.swift; path = SecondViewController.swift; sourceTree = "<group>"; };
		7C3A04961A0D101400581F44 /* Base */ = {isa = PBXFileReference; lastKnownFileType = file.storyboard; name = Base; path = Base.lproj/Main.storyboard; sourceTree = "<group>"; };
		7C3A04981A0D101400581F44 /* Images.xcassets */ = {isa = PBXFileReference; lastKnownFileType = folder.assetcatalog; path = Images.xcassets; sourceTree = "<group>"; };
		7C3A049B1A0D101400581F44 /* Base */ = {isa = PBXFileReference; lastKnownFileType = file.xib; name = Base; path = Base.lproj/LaunchScreen.xib; sourceTree = "<group>"; };
		7C3A04A11A0D101400581F44 /* MyLocations2Tests.xctest */ = {isa = PBXFileReference; explicitFileType = wrapper.cfbundle; includeInIndex = 0; path = MyLocations2Tests.xctest; sourceTree = BUILT_PRODUCTS_DIR; };
		7C3A04A61A0D101400581F44 /* Info.plist */ = {isa = PBXFileReference; lastKnownFileType = text.plist.xml; path = Info.plist; sourceTree = "<group>"; };
		7C3A04A71A0D101400581F44 /* MyLocations2Tests.swift */ = {isa = PBXFileReference; lastKnownFileType = sourcecode.swift; path = MyLocations2Tests.swift; sourceTree = "<group>"; };
		7C3A04B11A0D3E2900581F44 /* MyLocations2Tests-Bridging-Header.h */ = {isa = PBXFileReference; lastKnownFileType = sourcecode.c.h; path = "MyLocations2Tests-Bridging-Header.h"; sourceTree = "<group>"; };
		D256BA93A3683224F94CDEA5 /* libPods-MyLocations2Tests.a */ = {isa = PBXFileReference; explicitFileType = archive.ar; includeInIndex = 0; path = "libPods-MyLocations2Tests.a"; sourceTree = BUILT_PRODUCTS_DIR; };
/* End PBXFileReference section */

/* Begin PBXFrameworksBuildPhase section */
		7C3A04871A0D101400581F44 /* Frameworks */ = {
			isa = PBXFrameworksBuildPhase;
			buildActionMask = 2147483647;
			files = (
			);
			runOnlyForDeploymentPostprocessing = 0;
		};
		7C3A049E1A0D101400581F44 /* Frameworks */ = {
			isa = PBXFrameworksBuildPhase;
			buildActionMask = 2147483647;
			files = (
				8745610C1AF83FAE867D28AE /* libPods-MyLocations2Tests.a in Frameworks */,
			);
			runOnlyForDeploymentPostprocessing = 0;
		};
/* End PBXFrameworksBuildPhase section */

/* Begin PBXGroup section */
		09C0495ADCD558A3797A11B6 /* Frameworks */ = {
			isa = PBXGroup;
			children = (
				D256BA93A3683224F94CDEA5 /* libPods-MyLocations2Tests.a */,
			);
			name = Frameworks;
			sourceTree = "<group>";
		};
		7C3A04811A0D101300581F44 = {
			isa = PBXGroup;
			children = (
				7C3A048C1A0D101400581F44 /* MyLocations2 */,
				7C3A04A41A0D101400581F44 /* MyLocations2Tests */,
				7C3A048B1A0D101400581F44 /* Products */,
				09C0495ADCD558A3797A11B6 /* Frameworks */,
			);
			sourceTree = "<group>";
		};
		7C3A048B1A0D101400581F44 /* Products */ = {
			isa = PBXGroup;
			children = (
				7C3A048A1A0D101400581F44 /* MyLocations2.app */,
				7C3A04A11A0D101400581F44 /* MyLocations2Tests.xctest */,
			);
			name = Products;
			sourceTree = "<group>";
		};
		7C3A048C1A0D101400581F44 /* MyLocations2 */ = {
			isa = PBXGroup;
			children = (
				7C3A048F1A0D101400581F44 /* AppDelegate.swift */,
				7C3A04911A0D101400581F44 /* CurrentLocationViewController.swift */,
				7C3A04931A0D101400581F44 /* SecondViewController.swift */,
				7C3A04951A0D101400581F44 /* Main.storyboard */,
				7C3A04981A0D101400581F44 /* Images.xcassets */,
				7C3A049A1A0D101400581F44 /* LaunchScreen.xib */,
				7C3A048D1A0D101400581F44 /* Supporting Files */,
			);
			path = MyLocations2;
			sourceTree = "<group>";
		};
		7C3A048D1A0D101400581F44 /* Supporting Files */ = {
			isa = PBXGroup;
			children = (
				7C3A048E1A0D101400581F44 /* Info.plist */,
			);
			name = "Supporting Files";
			sourceTree = "<group>";
		};
		7C3A04A41A0D101400581F44 /* MyLocations2Tests */ = {
			isa = PBXGroup;
			children = (
				7C3A04A71A0D101400581F44 /* MyLocations2Tests.swift */,
				7C3A04A51A0D101400581F44 /* Supporting Files */,
				7C3A04B11A0D3E2900581F44 /* MyLocations2Tests-Bridging-Header.h */,
			);
			path = MyLocations2Tests;
			sourceTree = "<group>";
		};
		7C3A04A51A0D101400581F44 /* Supporting Files */ = {
			isa = PBXGroup;
			children = (
				7C3A04A61A0D101400581F44 /* Info.plist */,
			);
			name = "Supporting Files";
			sourceTree = "<group>";
		};
/* End PBXGroup section */

/* Begin PBXNativeTarget section */
		7C3A04891A0D101400581F44 /* MyLocations2 */ = {
			isa = PBXNativeTarget;
			buildConfigurationList = 7C3A04AB1A0D101400581F44 /* Build configuration list for PBXNativeTarget "MyLocations2" */;
			buildPhases = (
				7C3A04861A0D101400581F44 /* Sources */,
				7C3A04871A0D101400581F44 /* Frameworks */,
				7C3A04881A0D101400581F44 /* Resources */,
			);
			buildRules = (
			);
			dependencies = (
			);
			name = MyLocations2;
			productName = MyLocations2;
			productReference = 7C3A048A1A0D101400581F44 /* MyLocations2.app */;
			productType = "com.apple.product-type.application";
		};
		7C3A04A01A0D101400581F44 /* MyLocations2Tests */ = {
			isa = PBXNativeTarget;
			buildConfigurationList = 7C3A04AE1A0D101400581F44 /* Build configuration list for PBXNativeTarget "MyLocations2Tests" */;
			buildPhases = (
				C79FB09C663428CA9C23056A /* Check Pods Manifest.lock */,
				7C3A049D1A0D101400581F44 /* Sources */,
				7C3A049E1A0D101400581F44 /* Frameworks */,
				7C3A049F1A0D101400581F44 /* Resources */,
				B0FBE1CA26FD4F1215D9AA38 /* Copy Pods Resources */,
			);
			buildRules = (
			);
			dependencies = (
				7C3A04A31A0D101400581F44 /* PBXTargetDependency */,
			);
			name = MyLocations2Tests;
			productName = MyLocations2Tests;
			productReference = 7C3A04A11A0D101400581F44 /* MyLocations2Tests.xctest */;
			productType = "com.apple.product-type.bundle.unit-test";
		};
/* End PBXNativeTarget section */

/* Begin PBXProject section */
		7C3A04821A0D101300581F44 /* Project object */ = {
			isa = PBXProject;
			attributes = {
				LastUpgradeCheck = 0610;
				ORGANIZATIONNAME = "Iino Daisuke";
				TargetAttributes = {
					7C3A04891A0D101400581F44 = {
						CreatedOnToolsVersion = 6.1;
					};
					7C3A04A01A0D101400581F44 = {
						CreatedOnToolsVersion = 6.1;
						TestTargetID = 7C3A04891A0D101400581F44;
					};
				};
			};
			buildConfigurationList = 7C3A04851A0D101300581F44 /* Build configuration list for PBXProject "MyLocations2" */;
			compatibilityVersion = "Xcode 3.2";
			developmentRegion = English;
			hasScannedForEncodings = 0;
			knownRegions = (
				en,
				Base,
			);
			mainGroup = 7C3A04811A0D101300581F44;
			productRefGroup = 7C3A048B1A0D101400581F44 /* Products */;
			projectDirPath = "";
			projectRoot = "";
			targets = (
				7C3A04891A0D101400581F44 /* MyLocations2 */,
				7C3A04A01A0D101400581F44 /* MyLocations2Tests */,
			);
		};
/* End PBXProject section */

/* Begin PBXResourcesBuildPhase section */
		7C3A04881A0D101400581F44 /* Resources */ = {
			isa = PBXResourcesBuildPhase;
			buildActionMask = 2147483647;
			files = (
				7C3A04971A0D101400581F44 /* Main.storyboard in Resources */,
				7C3A049C1A0D101400581F44 /* LaunchScreen.xib in Resources */,
				7C3A04991A0D101400581F44 /* Images.xcassets in Resources */,
			);
			runOnlyForDeploymentPostprocessing = 0;
		};
		7C3A049F1A0D101400581F44 /* Resources */ = {
			isa = PBXResourcesBuildPhase;
			buildActionMask = 2147483647;
			files = (
			);
			runOnlyForDeploymentPostprocessing = 0;
		};
/* End PBXResourcesBuildPhase section */

/* Begin PBXShellScriptBuildPhase section */
		B0FBE1CA26FD4F1215D9AA38 /* Copy Pods Resources */ = {
			isa = PBXShellScriptBuildPhase;
			buildActionMask = 2147483647;
			files = (
			);
			inputPaths = (
			);
			name = "Copy Pods Resources";
			outputPaths = (
			);
			runOnlyForDeploymentPostprocessing = 0;
			shellPath = /bin/sh;
			shellScript = "\"${SRCROOT}/Pods/Target Support Files/Pods-MyLocations2Tests/Pods-MyLocations2Tests-resources.sh\"\n";
			showEnvVarsInLog = 0;
		};
		C79FB09C663428CA9C23056A /* Check Pods Manifest.lock */ = {
			isa = PBXShellScriptBuildPhase;
			buildActionMask = 2147483647;
			files = (
			);
			inputPaths = (
			);
			name = "Check Pods Manifest.lock";
			outputPaths = (
			);
			runOnlyForDeploymentPostprocessing = 0;
			shellPath = /bin/sh;
			shellScript = "diff \"${PODS_ROOT}/../Podfile.lock\" \"${PODS_ROOT}/Manifest.lock\" > /dev/null\nif [[ $? != 0 ]] ; then\n    cat << EOM\nerror: The sandbox is not in sync with the Podfile.lock. Run 'pod install' or update your CocoaPods installation.\nEOM\n    exit 1\nfi\n";
			showEnvVarsInLog = 0;
		};
/* End PBXShellScriptBuildPhase section */

/* Begin PBXSourcesBuildPhase section */
		7C3A04861A0D101400581F44 /* Sources */ = {
			isa = PBXSourcesBuildPhase;
			buildActionMask = 2147483647;
			files = (
				7C3A04941A0D101400581F44 /* SecondViewController.swift in Sources */,
				7C3A04901A0D101400581F44 /* AppDelegate.swift in Sources */,
				7C3A04921A0D101400581F44 /* CurrentLocationViewController.swift in Sources */,
			);
			runOnlyForDeploymentPostprocessing = 0;
		};
		7C3A049D1A0D101400581F44 /* Sources */ = {
			isa = PBXSourcesBuildPhase;
			buildActionMask = 2147483647;
			files = (
				7C3A04A81A0D101400581F44 /* MyLocations2Tests.swift in Sources */,
			);
			runOnlyForDeploymentPostprocessing = 0;
		};
/* End PBXSourcesBuildPhase section */

/* Begin PBXTargetDependency section */
		7C3A04A31A0D101400581F44 /* PBXTargetDependency */ = {
			isa = PBXTargetDependency;
			target = 7C3A04891A0D101400581F44 /* MyLocations2 */;
			targetProxy = 7C3A04A21A0D101400581F44 /* PBXContainerItemProxy */;
		};
/* End PBXTargetDependency section */

/* Begin PBXVariantGroup section */
		7C3A04951A0D101400581F44 /* Main.storyboard */ = {
			isa = PBXVariantGroup;
			children = (
				7C3A04961A0D101400581F44 /* Base */,
			);
			name = Main.storyboard;
			sourceTree = "<group>";
		};
		7C3A049A1A0D101400581F44 /* LaunchScreen.xib */ = {
			isa = PBXVariantGroup;
			children = (
				7C3A049B1A0D101400581F44 /* Base */,
			);
			name = LaunchScreen.xib;
			sourceTree = "<group>";
		};
/* End PBXVariantGroup section */

/* Begin XCBuildConfiguration section */
		7C3A04A91A0D101400581F44 /* Debug */ = {
			isa = XCBuildConfiguration;
			buildSettings = {
				ALWAYS_SEARCH_USER_PATHS = NO;
				CLANG_CXX_LANGUAGE_STANDARD = "gnu++0x";
				CLANG_CXX_LIBRARY = "libc++";
				CLANG_ENABLE_MODULES = YES;
				CLANG_ENABLE_OBJC_ARC = YES;
				CLANG_WARN_BOOL_CONVERSION = YES;
				CLANG_WARN_CONSTANT_CONVERSION = YES;
				CLANG_WARN_DIRECT_OBJC_ISA_USAGE = YES_ERROR;
				CLANG_WARN_EMPTY_BODY = YES;
				CLANG_WARN_ENUM_CONVERSION = YES;
				CLANG_WARN_INT_CONVERSION = YES;
				CLANG_WARN_OBJC_ROOT_CLASS = YES_ERROR;
				CLANG_WARN_UNREACHABLE_CODE = YES;
				CLANG_WARN__DUPLICATE_METHOD_MATCH = YES;
				"CODE_SIGN_IDENTITY[sdk=iphoneos*]" = "iPhone Developer";
				COPY_PHASE_STRIP = NO;
				ENABLE_STRICT_OBJC_MSGSEND = YES;
				GCC_C_LANGUAGE_STANDARD = gnu99;
				GCC_DYNAMIC_NO_PIC = NO;
				GCC_OPTIMIZATION_LEVEL = 0;
				GCC_PREPROCESSOR_DEFINITIONS = (
					"DEBUG=1",
					"$(inherited)",
				);
				GCC_SYMBOLS_PRIVATE_EXTERN = NO;
				GCC_WARN_64_TO_32_BIT_CONVERSION = YES;
				GCC_WARN_ABOUT_RETURN_TYPE = YES_ERROR;
				GCC_WARN_UNDECLARED_SELECTOR = YES;
				GCC_WARN_UNINITIALIZED_AUTOS = YES_AGGRESSIVE;
				GCC_WARN_UNUSED_FUNCTION = YES;
				GCC_WARN_UNUSED_VARIABLE = YES;
				IPHONEOS_DEPLOYMENT_TARGET = 8.1;
				MTL_ENABLE_DEBUG_INFO = YES;
				ONLY_ACTIVE_ARCH = YES;
				SDKROOT = iphoneos;
				SWIFT_OPTIMIZATION_LEVEL = "-Onone";
			};
			name = Debug;
		};
		7C3A04AA1A0D101400581F44 /* Release */ = {
			isa = XCBuildConfiguration;
			buildSettings = {
				ALWAYS_SEARCH_USER_PATHS = NO;
				CLANG_CXX_LANGUAGE_STANDARD = "gnu++0x";
				CLANG_CXX_LIBRARY = "libc++";
				CLANG_ENABLE_MODULES = YES;
				CLANG_ENABLE_OBJC_ARC = YES;
				CLANG_WARN_BOOL_CONVERSION = YES;
				CLANG_WARN_CONSTANT_CONVERSION = YES;
				CLANG_WARN_DIRECT_OBJC_ISA_USAGE = YES_ERROR;
				CLANG_WARN_EMPTY_BODY = YES;
				CLANG_WARN_ENUM_CONVERSION = YES;
				CLANG_WARN_INT_CONVERSION = YES;
				CLANG_WARN_OBJC_ROOT_CLASS = YES_ERROR;
				CLANG_WARN_UNREACHABLE_CODE = YES;
				CLANG_WARN__DUPLICATE_METHOD_MATCH = YES;
				"CODE_SIGN_IDENTITY[sdk=iphoneos*]" = "iPhone Developer";
				COPY_PHASE_STRIP = YES;
				ENABLE_NS_ASSERTIONS = NO;
				ENABLE_STRICT_OBJC_MSGSEND = YES;
				GCC_C_LANGUAGE_STANDARD = gnu99;
				GCC_WARN_64_TO_32_BIT_CONVERSION = YES;
				GCC_WARN_ABOUT_RETURN_TYPE = YES_ERROR;
				GCC_WARN_UNDECLARED_SELECTOR = YES;
				GCC_WARN_UNINITIALIZED_AUTOS = YES_AGGRESSIVE;
				GCC_WARN_UNUSED_FUNCTION = YES;
				GCC_WARN_UNUSED_VARIABLE = YES;
				IPHONEOS_DEPLOYMENT_TARGET = 8.1;
				MTL_ENABLE_DEBUG_INFO = NO;
				SDKROOT = iphoneos;
				VALIDATE_PRODUCT = YES;
			};
			name = Release;
		};
		7C3A04AC1A0D101400581F44 /* Debug */ = {
			isa = XCBuildConfiguration;
			buildSettings = {
				ASSETCATALOG_COMPILER_APPICON_NAME = AppIcon;
				INFOPLIST_FILE = MyLocations2/Info.plist;
				LD_RUNPATH_SEARCH_PATHS = "$(inherited) @executable_path/Frameworks";
				OTHER_LDFLAGS = "";
				PRODUCT_NAME = "$(TARGET_NAME)";
			};
			name = Debug;
		};
		7C3A04AD1A0D101400581F44 /* Release */ = {
			isa = XCBuildConfiguration;
			buildSettings = {
				ASSETCATALOG_COMPILER_APPICON_NAME = AppIcon;
				INFOPLIST_FILE = MyLocations2/Info.plist;
				LD_RUNPATH_SEARCH_PATHS = "$(inherited) @executable_path/Frameworks";
				OTHER_LDFLAGS = "";
				PRODUCT_NAME = "$(TARGET_NAME)";
			};
			name = Release;
		};
		7C3A04AF1A0D101400581F44 /* Debug */ = {
			isa = XCBuildConfiguration;
			buildSettings = {
				BUNDLE_LOADER = "$(TEST_HOST)";
				CLANG_ENABLE_MODULES = YES;
				FRAMEWORK_SEARCH_PATHS = (
					"$(SDKROOT)/Developer/Library/Frameworks",
					"$(inherited)",
				);
				GCC_PREPROCESSOR_DEFINITIONS = (
					"DEBUG=1",
					"$(inherited)",
				);
				INFOPLIST_FILE = MyLocations2Tests/Info.plist;
				LD_RUNPATH_SEARCH_PATHS = "$(inherited) @executable_path/Frameworks @loader_path/Frameworks";
				PRODUCT_NAME = "$(TARGET_NAME)";
				SWIFT_OBJC_BRIDGING_HEADER = "MyLocations2Tests/MyLocations2Tests-Bridging-Header.h";
				SWIFT_OPTIMIZATION_LEVEL = "-Onone";
				TEST_HOST = "$(BUILT_PRODUCTS_DIR)/MyLocations2.app/MyLocations2";
			};
			name = Debug;
		};
		7C3A04B01A0D101400581F44 /* Release */ = {
			isa = XCBuildConfiguration;
			buildSettings = {
				BUNDLE_LOADER = "$(TEST_HOST)";
				CLANG_ENABLE_MODULES = YES;
				FRAMEWORK_SEARCH_PATHS = (
					"$(SDKROOT)/Developer/Library/Frameworks",
					"$(inherited)",
				);
				INFOPLIST_FILE = MyLocations2Tests/Info.plist;
				LD_RUNPATH_SEARCH_PATHS = "$(inherited) @executable_path/Frameworks @loader_path/Frameworks";
				PRODUCT_NAME = "$(TARGET_NAME)";
				SWIFT_OBJC_BRIDGING_HEADER = "MyLocations2Tests/MyLocations2Tests-Bridging-Header.h";
				TEST_HOST = "$(BUILT_PRODUCTS_DIR)/MyLocations2.app/MyLocations2";
			};
			name = Release;
		};
/* End XCBuildConfiguration section */

/* Begin XCConfigurationList section */
		7C3A04851A0D101300581F44 /* Build configuration list for PBXProject "MyLocations2" */ = {
			isa = XCConfigurationList;
			buildConfigurations = (
				7C3A04A91A0D101400581F44 /* Debug */,
				7C3A04AA1A0D101400581F44 /* Release */,
			);
			defaultConfigurationIsVisible = 0;
			defaultConfigurationName = Release;
		};
		7C3A04AB1A0D101400581F44 /* Build configuration list for PBXNativeTarget "MyLocations2" */ = {
			isa = XCConfigurationList;
			buildConfigurations = (
				7C3A04AC1A0D101400581F44 /* Debug */,
				7C3A04AD1A0D101400581F44 /* Release */,
			);
			defaultConfigurationIsVisible = 0;
			defaultConfigurationName = Release;
		};
		7C3A04AE1A0D101400581F44 /* Build configuration list for PBXNativeTarget "MyLocations2Tests" */ = {
			isa = XCConfigurationList;
			buildConfigurations = (
				7C3A04AF1A0D101400581F44 /* Debug */,
				7C3A04B01A0D101400581F44 /* Release */,
			);
			defaultConfigurationIsVisible = 0;
			defaultConfigurationName = Release;
		};
/* End XCConfigurationList section */
	};
	rootObject = 7C3A04821A0D101300581F44 /* Project object */;
}
